// !$*UTF8*$!
{
	archiveVersion = 1;
	classes = {
	};
	objectVersion = 46;
	objects = {

/* Begin PBXBuildFile section */
		7D97EE0D1E9EBCAB000A1DB3 /* main.cpp in Sources */ = {isa = PBXBuildFile; fileRef = 7D97EE0C1E9EBCAB000A1DB3 /* main.cpp */; };
		7D97EE161E9EBD34000A1DB3 /* StudentData.cpp in Sources */ = {isa = PBXBuildFile; fileRef = 7D97EE141E9EBD34000A1DB3 /* StudentData.cpp */; };
		7D97EE191E9EBE96000A1DB3 /* BST.cpp in Sources */ = {isa = PBXBuildFile; fileRef = 7D97EE171E9EBE96000A1DB3 /* BST.cpp */; };
/* End PBXBuildFile section */

/* Begin PBXCopyFilesBuildPhase section */
		7D97EE071E9EBCAB000A1DB3 /* CopyFiles */ = {
			isa = PBXCopyFilesBuildPhase;
			buildActionMask = 2147483647;
			dstPath = /usr/share/man/man1/;
			dstSubfolderSpec = 0;
			files = (
			);
			runOnlyForDeploymentPostprocessing = 1;
		};
/* End PBXCopyFilesBuildPhase section */

/* Begin PBXFileReference section */
		7D97EE091E9EBCAB000A1DB3 /* BST */ = {isa = PBXFileReference; explicitFileType = "compiled.mach-o.executable"; includeInIndex = 0; path = BST; sourceTree = BUILT_PRODUCTS_DIR; };
		7D97EE0C1E9EBCAB000A1DB3 /* main.cpp */ = {isa = PBXFileReference; lastKnownFileType = sourcecode.cpp.cpp; path = main.cpp; sourceTree = "<group>"; };
		7D97EE141E9EBD34000A1DB3 /* StudentData.cpp */ = {isa = PBXFileReference; fileEncoding = 4; lastKnownFileType = sourcecode.cpp.cpp; path = StudentData.cpp; sourceTree = "<group>"; };
		7D97EE151E9EBD34000A1DB3 /* StudentData.hpp */ = {isa = PBXFileReference; fileEncoding = 4; lastKnownFileType = sourcecode.cpp.h; path = StudentData.hpp; sourceTree = "<group>"; };
		7D97EE171E9EBE96000A1DB3 /* BST.cpp */ = {isa = PBXFileReference; fileEncoding = 4; lastKnownFileType = sourcecode.cpp.cpp; path = BST.cpp; sourceTree = "<group>"; };
		7D97EE181E9EBE96000A1DB3 /* BST.hpp */ = {isa = PBXFileReference; fileEncoding = 4; lastKnownFileType = sourcecode.cpp.h; path = BST.hpp; sourceTree = "<group>"; };
/* End PBXFileReference section */

/* Begin PBXFrameworksBuildPhase section */
		7D97EE061E9EBCAB000A1DB3 /* Frameworks */ = {
			isa = PBXFrameworksBuildPhase;
			buildActionMask = 2147483647;
			files = (
			);
			runOnlyForDeploymentPostprocessing = 0;
		};
/* End PBXFrameworksBuildPhase section */

/* Begin PBXGroup section */
		7D97EE001E9EBCAB000A1DB3 = {
			isa = PBXGroup;
			children = (
				7D97EE0B1E9EBCAB000A1DB3 /* BST */,
				7D97EE0A1E9EBCAB000A1DB3 /* Products */,
			);
			sourceTree = "<group>";
		};
		7D97EE0A1E9EBCAB000A1DB3 /* Products */ = {
			isa = PBXGroup;
			children = (
				7D97EE091E9EBCAB000A1DB3 /* BST */,
			);
			name = Products;
			sourceTree = "<group>";
		};
		7D97EE0B1E9EBCAB000A1DB3 /* BST */ = {
			isa = PBXGroup;
			children = (
				7D97EE131E9EBCBA000A1DB3 /* Model */,
				7D97EE0C1E9EBCAB000A1DB3 /* main.cpp */,
			);
			path = BST;
			sourceTree = "<group>";
		};
		7D97EE131E9EBCBA000A1DB3 /* Model */ = {
			isa = PBXGroup;
			children = (
				7D97EE141E9EBD34000A1DB3 /* StudentData.cpp */,
				7D97EE151E9EBD34000A1DB3 /* StudentData.hpp */,
				7D97EE171E9EBE96000A1DB3 /* BST.cpp */,
				7D97EE181E9EBE96000A1DB3 /* BST.hpp */,
			);
			name = Model;
			sourceTree = "<group>";
		};
/* End PBXGroup section */

/* Begin PBXNativeTarget section */
		7D97EE081E9EBCAB000A1DB3 /* BST */ = {
			isa = PBXNativeTarget;
			buildConfigurationList = 7D97EE101E9EBCAB000A1DB3 /* Build configuration list for PBXNativeTarget "BST" */;
			buildPhases = (
				7D97EE051E9EBCAB000A1DB3 /* Sources */,
				7D97EE061E9EBCAB000A1DB3 /* Frameworks */,
				7D97EE071E9EBCAB000A1DB3 /* CopyFiles */,
			);
			buildRules = (
			);
			dependencies = (
			);
			name = BST;
			productName = BST;
			productReference = 7D97EE091E9EBCAB000A1DB3 /* BST */;
			productType = "com.apple.product-type.tool";
		};
/* End PBXNativeTarget section */

/* Begin PBXProject section */
		7D97EE011E9EBCAB000A1DB3 /* Project object */ = {
			isa = PBXProject;
			attributes = {
				LastUpgradeCheck = 0830;
				ORGANIZATIONNAME = "Idrees Ashraf";
				TargetAttributes = {
					7D97EE081E9EBCAB000A1DB3 = {
						CreatedOnToolsVersion = 8.3;
						ProvisioningStyle = Automatic;
					};
				};
			};
			buildConfigurationList = 7D97EE041E9EBCAB000A1DB3 /* Build configuration list for PBXProject "BST" */;
			compatibilityVersion = "Xcode 3.2";
			developmentRegion = English;
			hasScannedForEncodings = 0;
			knownRegions = (
				en,
			);
			mainGroup = 7D97EE001E9EBCAB000A1DB3;
			productRefGroup = 7D97EE0A1E9EBCAB000A1DB3 /* Products */;
			projectDirPath = "";
			projectRoot = "";
			targets = (
				7D97EE081E9EBCAB000A1DB3 /* BST */,
			);
		};
/* End PBXProject section */

/* Begin PBXSourcesBuildPhase section */
		7D97EE051E9EBCAB000A1DB3 /* Sources */ = {
			isa = PBXSourcesBuildPhase;
			buildActionMask = 2147483647;
			files = (
				7D97EE191E9EBE96000A1DB3 /* BST.cpp in Sources */,
				7D97EE0D1E9EBCAB000A1DB3 /* main.cpp in Sources */,
				7D97EE161E9EBD34000A1DB3 /* StudentData.cpp in Sources */,
			);
			runOnlyForDeploymentPostprocessing = 0;
		};
/* End PBXSourcesBuildPhase section */

/* Begin XCBuildConfiguration section */
		7D97EE0E1E9EBCAB000A1DB3 /* Debug */ = {
			isa = XCBuildConfiguration;
			buildSettings = {
				ALWAYS_SEARCH_USER_PATHS = NO;
				CLANG_ANALYZER_NONNULL = YES;
				CLANG_ANALYZER_NUMBER_OBJECT_CONVERSION = YES_AGGRESSIVE;
				CLANG_CXX_LANGUAGE_STANDARD = "gnu++0x";
				CLANG_CXX_LIBRARY = "libc++";
				CLANG_ENABLE_MODULES = YES;
				CLANG_ENABLE_OBJC_ARC = YES;
				CLANG_WARN_BOOL_CONVERSION = YES;
				CLANG_WARN_CONSTANT_CONVERSION = YES;
				CLANG_WARN_DIRECT_OBJC_ISA_USAGE = YES_ERROR;
				CLANG_WARN_DOCUMENTATION_COMMENTS = YES;
				CLANG_WARN_EMPTY_BODY = YES;
				CLANG_WARN_ENUM_CONVERSION = YES;
				CLANG_WARN_INFINITE_RECURSION = YES;
				CLANG_WARN_INT_CONVERSION = YES;
				CLANG_WARN_OBJC_ROOT_CLASS = YES_ERROR;
				CLANG_WARN_SUSPICIOUS_MOVE = YES;
				CLANG_WARN_UNREACHABLE_CODE = YES;
				CLANG_WARN__DUPLICATE_METHOD_MATCH = YES;
				CODE_SIGN_IDENTITY = "-";
				COPY_PHASE_STRIP = NO;
				DEBUG_INFORMATION_FORMAT = dwarf;
				ENABLE_STRICT_OBJC_MSGSEND = YES;
				ENABLE_TESTABILITY = YES;
				GCC_C_LANGUAGE_STANDARD = gnu99;
				GCC_DYNAMIC_NO_PIC = NO;
				GCC_NO_COMMON_BLOCKS = YES;
				GCC_OPTIMIZATION_LEVEL = 0;
				GCC_PREPROCESSOR_DEFINITIONS = (
					"DEBUG=1",
					"$(inherited)",
				);
				GCC_WARN_64_TO_32_BIT_CONVERSION = YES;
				GCC_WARN_ABOUT_RETURN_TYPE = YES_ERROR;
				GCC_WARN_UNDECLARED_SELECTOR = YES;
				GCC_WARN_UNINITIALIZED_AUTOS = YES_AGGRESSIVE;
				GCC_WARN_UNUSED_FUNCTION = YES;
				GCC_WARN_UNUSED_VARIABLE = YES;
				MACOSX_DEPLOYMENT_TARGET = 10.12;
				MTL_ENABLE_DEBUG_INFO = YES;
				ONLY_ACTIVE_ARCH = YES;
				SDKROOT = macosx;
			};
			name = Debug;
		};
		7D97EE0F1E9EBCAB000A1DB3 /* Release */ = {
			isa = XCBuildConfiguration;
			buildSettings = {
				ALWAYS_SEARCH_USER_PATHS = NO;
				CLANG_ANALYZER_NONNULL = YES;
				CLANG_ANALYZER_NUMBER_OBJECT_CONVERSION = YES_AGGRESSIVE;
				CLANG_CXX_LANGUAGE_STANDARD = "gnu++0x";
				CLANG_CXX_LIBRARY = "libc++";
				CLANG_ENABLE_MODULES = YES;
				CLANG_ENABLE_OBJC_ARC = YES;
				CLANG_WARN_BOOL_CONVERSION = YES;
				CLANG_WARN_CONSTANT_CONVERSION = YES;
				CLANG_WARN_DIRECT_OBJC_ISA_USAGE = YES_ERROR;
				CLANG_WARN_DOCUMENTATION_COMMENTS = YES;
				CLANG_WARN_EMPTY_BODY = YES;
				CLANG_WARN_ENUM_CONVERSION = YES;
				CLANG_WARN_INFINITE_RECURSION = YES;
				CLANG_WARN_INT_CONVERSION = YES;
				CLANG_WARN_OBJC_ROOT_CLASS = YES_ERROR;
				CLANG_WARN_SUSPICIOUS_MOVE = YES;
				CLANG_WARN_UNREACHABLE_CODE = YES;
				CLANG_WARN__DUPLICATE_METHOD_MATCH = YES;
				CODE_SIGN_IDENTITY = "-";
				COPY_PHASE_STRIP = NO;
				DEBUG_INFORMATION_FORMAT = "dwarf-with-dsym";
				ENABLE_NS_ASSERTIONS = NO;
				ENABLE_STRICT_OBJC_MSGSEND = YES;
				GCC_C_LANGUAGE_STANDARD = gnu99;
				GCC_NO_COMMON_BLOCKS = YES;
				GCC_WARN_64_TO_32_BIT_CONVERSION = YES;
				GCC_WARN_ABOUT_RETURN_TYPE = YES_ERROR;
				GCC_WARN_UNDECLARED_SELECTOR = YES;
				GCC_WARN_UNINITIALIZED_AUTOS = YES_AGGRESSIVE;
				GCC_WARN_UNUSED_FUNCTION = YES;
				GCC_WARN_UNUSED_VARIABLE = YES;
				MACOSX_DEPLOYMENT_TARGET = 10.12;
				MTL_ENABLE_DEBUG_INFO = NO;
				SDKROOT = macosx;
			};
			name = Release;
		};
		7D97EE111E9EBCAB000A1DB3 /* Debug */ = {
			isa = XCBuildConfiguration;
			buildSettings = {
				PRODUCT_NAME = "$(TARGET_NAME)";
			};
			name = Debug;
		};
		7D97EE121E9EBCAB000A1DB3 /* Release */ = {
			isa = XCBuildConfiguration;
			buildSettings = {
				PRODUCT_NAME = "$(TARGET_NAME)";
			};
			name = Release;
		};
/* End XCBuildConfiguration section */

/* Begin XCConfigurationList section */
		7D97EE041E9EBCAB000A1DB3 /* Build configuration list for PBXProject "BST" */ = {
			isa = XCConfigurationList;
			buildConfigurations = (
				7D97EE0E1E9EBCAB000A1DB3 /* Debug */,
				7D97EE0F1E9EBCAB000A1DB3 /* Release */,
			);
			defaultConfigurationIsVisible = 0;
			defaultConfigurationName = Release;
		};
		7D97EE101E9EBCAB000A1DB3 /* Build configuration list for PBXNativeTarget "BST" */ = {
			isa = XCConfigurationList;
			buildConfigurations = (
				7D97EE111E9EBCAB000A1DB3 /* Debug */,
				7D97EE121E9EBCAB000A1DB3 /* Release */,
			);
			defaultConfigurationIsVisible = 0;
		};
/* End XCConfigurationList section */
	};
	rootObject = 7D97EE011E9EBCAB000A1DB3 /* Project object */;
}
